// !$*UTF8*$!
{
	archiveVersion = 1;
	classes = {
	};
	objectVersion = 51;
	objects = {

/* Begin PBXBuildFile section */
		582D8B7324A3F62400D4910B /* MovieCell.m in Sources */ = {isa = PBXBuildFile; fileRef = 582D8B7224A3F62400D4910B /* MovieCell.m */; };
		58591AEC24A69662003583AB /* TrailerViewController.m in Sources */ = {isa = PBXBuildFile; fileRef = 58591AEB24A69662003583AB /* TrailerViewController.m */; };
		58591AEE24A6A1EB003583AB /* WebKit.framework in Frameworks */ = {isa = PBXBuildFile; fileRef = 58591AED24A6A1EB003583AB /* WebKit.framework */; };
		58FA2C5424A3BF1D00BAE832 /* AppDelegate.m in Sources */ = {isa = PBXBuildFile; fileRef = 58FA2C5324A3BF1D00BAE832 /* AppDelegate.m */; };
		58FA2C5724A3BF1D00BAE832 /* SceneDelegate.m in Sources */ = {isa = PBXBuildFile; fileRef = 58FA2C5624A3BF1D00BAE832 /* SceneDelegate.m */; };
		58FA2C5D24A3BF1D00BAE832 /* Main.storyboard in Resources */ = {isa = PBXBuildFile; fileRef = 58FA2C5B24A3BF1D00BAE832 /* Main.storyboard */; };
		58FA2C5F24A3BF1E00BAE832 /* Assets.xcassets in Resources */ = {isa = PBXBuildFile; fileRef = 58FA2C5E24A3BF1E00BAE832 /* Assets.xcassets */; };
		58FA2C6224A3BF1E00BAE832 /* LaunchScreen.storyboard in Resources */ = {isa = PBXBuildFile; fileRef = 58FA2C6024A3BF1E00BAE832 /* LaunchScreen.storyboard */; };
		58FA2C6524A3BF1E00BAE832 /* main.m in Sources */ = {isa = PBXBuildFile; fileRef = 58FA2C6424A3BF1E00BAE832 /* main.m */; };
		58FA2C6F24A3BF1E00BAE832 /* FlixTests.m in Sources */ = {isa = PBXBuildFile; fileRef = 58FA2C6E24A3BF1E00BAE832 /* FlixTests.m */; };
		58FA2C7A24A3BF1E00BAE832 /* FlixUITests.m in Sources */ = {isa = PBXBuildFile; fileRef = 58FA2C7924A3BF1E00BAE832 /* FlixUITests.m */; };
		58FA2C8924A3C74500BAE832 /* MoviesViewController.m in Sources */ = {isa = PBXBuildFile; fileRef = 58FA2C8824A3C74500BAE832 /* MoviesViewController.m */; };
		58FED4F224A4136F00CED402 /* DetailsViewController.m in Sources */ = {isa = PBXBuildFile; fileRef = 58FED4F124A4136F00CED402 /* DetailsViewController.m */; };
		58FED53F24A54DF500CED402 /* MoviesGridViewController.m in Sources */ = {isa = PBXBuildFile; fileRef = 58FED53E24A54DF500CED402 /* MoviesGridViewController.m */; };
		58FED54224A54FC800CED402 /* MovieCollectionCell.m in Sources */ = {isa = PBXBuildFile; fileRef = 58FED54124A54FC800CED402 /* MovieCollectionCell.m */; };
		612BD4461DC8D950553C654A /* Pods_FlixTests.framework in Frameworks */ = {isa = PBXBuildFile; fileRef = 635736ABCA52550B67346355 /* Pods_FlixTests.framework */; };
		AE5509490B7FC6DFFC221109 /* Pods_Flix_FlixUITests.framework in Frameworks */ = {isa = PBXBuildFile; fileRef = 2AE764C2ADB70FED9B95BA12 /* Pods_Flix_FlixUITests.framework */; };
		C1EB377E24D2884A05ED669E /* Pods_Flix.framework in Frameworks */ = {isa = PBXBuildFile; fileRef = 31C5FB9DAE915E7F3CF7C4D2 /* Pods_Flix.framework */; };
/* End PBXBuildFile section */

/* Begin PBXContainerItemProxy section */
		58FA2C6B24A3BF1E00BAE832 /* PBXContainerItemProxy */ = {
			isa = PBXContainerItemProxy;
			containerPortal = 58FA2C4724A3BF1D00BAE832 /* Project object */;
			proxyType = 1;
			remoteGlobalIDString = 58FA2C4E24A3BF1D00BAE832;
			remoteInfo = Flix;
		};
		58FA2C7624A3BF1E00BAE832 /* PBXContainerItemProxy */ = {
			isa = PBXContainerItemProxy;
			containerPortal = 58FA2C4724A3BF1D00BAE832 /* Project object */;
			proxyType = 1;
			remoteGlobalIDString = 58FA2C4E24A3BF1D00BAE832;
			remoteInfo = Flix;
		};
/* End PBXContainerItemProxy section */

/* Begin PBXFileReference section */
		2AE764C2ADB70FED9B95BA12 /* Pods_Flix_FlixUITests.framework */ = {isa = PBXFileReference; explicitFileType = wrapper.framework; includeInIndex = 0; path = Pods_Flix_FlixUITests.framework; sourceTree = BUILT_PRODUCTS_DIR; };
		2DB850F53A8FD07E7B915453 /* Pods-Flix-FlixUITests.debug.xcconfig */ = {isa = PBXFileReference; includeInIndex = 1; lastKnownFileType = text.xcconfig; name = "Pods-Flix-FlixUITests.debug.xcconfig"; path = "Target Support Files/Pods-Flix-FlixUITests/Pods-Flix-FlixUITests.debug.xcconfig"; sourceTree = "<group>"; };
		31C5FB9DAE915E7F3CF7C4D2 /* Pods_Flix.framework */ = {isa = PBXFileReference; explicitFileType = wrapper.framework; includeInIndex = 0; path = Pods_Flix.framework; sourceTree = BUILT_PRODUCTS_DIR; };
		582D8B7124A3F62400D4910B /* MovieCell.h */ = {isa = PBXFileReference; lastKnownFileType = sourcecode.c.h; path = MovieCell.h; sourceTree = "<group>"; };
		582D8B7224A3F62400D4910B /* MovieCell.m */ = {isa = PBXFileReference; lastKnownFileType = sourcecode.c.objc; path = MovieCell.m; sourceTree = "<group>"; };
		58591AEA24A69662003583AB /* TrailerViewController.h */ = {isa = PBXFileReference; lastKnownFileType = sourcecode.c.h; path = TrailerViewController.h; sourceTree = "<group>"; };
		58591AEB24A69662003583AB /* TrailerViewController.m */ = {isa = PBXFileReference; lastKnownFileType = sourcecode.c.objc; path = TrailerViewController.m; sourceTree = "<group>"; };
		58591AED24A6A1EB003583AB /* WebKit.framework */ = {isa = PBXFileReference; lastKnownFileType = wrapper.framework; name = WebKit.framework; path = System/Library/Frameworks/WebKit.framework; sourceTree = SDKROOT; };
		58FA2C4F24A3BF1D00BAE832 /* Flix.app */ = {isa = PBXFileReference; explicitFileType = wrapper.application; includeInIndex = 0; path = Flix.app; sourceTree = BUILT_PRODUCTS_DIR; };
		58FA2C5224A3BF1D00BAE832 /* AppDelegate.h */ = {isa = PBXFileReference; lastKnownFileType = sourcecode.c.h; path = AppDelegate.h; sourceTree = "<group>"; };
		58FA2C5324A3BF1D00BAE832 /* AppDelegate.m */ = {isa = PBXFileReference; lastKnownFileType = sourcecode.c.objc; path = AppDelegate.m; sourceTree = "<group>"; };
		58FA2C5524A3BF1D00BAE832 /* SceneDelegate.h */ = {isa = PBXFileReference; lastKnownFileType = sourcecode.c.h; path = SceneDelegate.h; sourceTree = "<group>"; };
		58FA2C5624A3BF1D00BAE832 /* SceneDelegate.m */ = {isa = PBXFileReference; lastKnownFileType = sourcecode.c.objc; path = SceneDelegate.m; sourceTree = "<group>"; };
		58FA2C5C24A3BF1D00BAE832 /* Base */ = {isa = PBXFileReference; lastKnownFileType = file.storyboard; name = Base; path = Base.lproj/Main.storyboard; sourceTree = "<group>"; };
		58FA2C5E24A3BF1E00BAE832 /* Assets.xcassets */ = {isa = PBXFileReference; lastKnownFileType = folder.assetcatalog; path = Assets.xcassets; sourceTree = "<group>"; };
		58FA2C6124A3BF1E00BAE832 /* Base */ = {isa = PBXFileReference; lastKnownFileType = file.storyboard; name = Base; path = Base.lproj/LaunchScreen.storyboard; sourceTree = "<group>"; };
		58FA2C6324A3BF1E00BAE832 /* Info.plist */ = {isa = PBXFileReference; lastKnownFileType = text.plist.xml; path = Info.plist; sourceTree = "<group>"; };
		58FA2C6424A3BF1E00BAE832 /* main.m */ = {isa = PBXFileReference; lastKnownFileType = sourcecode.c.objc; path = main.m; sourceTree = "<group>"; };
		58FA2C6A24A3BF1E00BAE832 /* FlixTests.xctest */ = {isa = PBXFileReference; explicitFileType = wrapper.cfbundle; includeInIndex = 0; path = FlixTests.xctest; sourceTree = BUILT_PRODUCTS_DIR; };
		58FA2C6E24A3BF1E00BAE832 /* FlixTests.m */ = {isa = PBXFileReference; lastKnownFileType = sourcecode.c.objc; path = FlixTests.m; sourceTree = "<group>"; };
		58FA2C7024A3BF1E00BAE832 /* Info.plist */ = {isa = PBXFileReference; lastKnownFileType = text.plist.xml; path = Info.plist; sourceTree = "<group>"; };
		58FA2C7524A3BF1E00BAE832 /* FlixUITests.xctest */ = {isa = PBXFileReference; explicitFileType = wrapper.cfbundle; includeInIndex = 0; path = FlixUITests.xctest; sourceTree = BUILT_PRODUCTS_DIR; };
		58FA2C7924A3BF1E00BAE832 /* FlixUITests.m */ = {isa = PBXFileReference; lastKnownFileType = sourcecode.c.objc; path = FlixUITests.m; sourceTree = "<group>"; };
		58FA2C7B24A3BF1E00BAE832 /* Info.plist */ = {isa = PBXFileReference; lastKnownFileType = text.plist.xml; path = Info.plist; sourceTree = "<group>"; };
		58FA2C8724A3C74500BAE832 /* MoviesViewController.h */ = {isa = PBXFileReference; lastKnownFileType = sourcecode.c.h; path = MoviesViewController.h; sourceTree = "<group>"; };
		58FA2C8824A3C74500BAE832 /* MoviesViewController.m */ = {isa = PBXFileReference; lastKnownFileType = sourcecode.c.objc; path = MoviesViewController.m; sourceTree = "<group>"; };
		58FED4F024A4136F00CED402 /* DetailsViewController.h */ = {isa = PBXFileReference; lastKnownFileType = sourcecode.c.h; path = DetailsViewController.h; sourceTree = "<group>"; };
		58FED4F124A4136F00CED402 /* DetailsViewController.m */ = {isa = PBXFileReference; lastKnownFileType = sourcecode.c.objc; path = DetailsViewController.m; sourceTree = "<group>"; };
		58FED53D24A54DF500CED402 /* MoviesGridViewController.h */ = {isa = PBXFileReference; lastKnownFileType = sourcecode.c.h; path = MoviesGridViewController.h; sourceTree = "<group>"; };
		58FED53E24A54DF500CED402 /* MoviesGridViewController.m */ = {isa = PBXFileReference; lastKnownFileType = sourcecode.c.objc; path = MoviesGridViewController.m; sourceTree = "<group>"; };
		58FED54024A54FC800CED402 /* MovieCollectionCell.h */ = {isa = PBXFileReference; lastKnownFileType = sourcecode.c.h; path = MovieCollectionCell.h; sourceTree = "<group>"; };
		58FED54124A54FC800CED402 /* MovieCollectionCell.m */ = {isa = PBXFileReference; lastKnownFileType = sourcecode.c.objc; path = MovieCollectionCell.m; sourceTree = "<group>"; };
		635736ABCA52550B67346355 /* Pods_FlixTests.framework */ = {isa = PBXFileReference; explicitFileType = wrapper.framework; includeInIndex = 0; path = Pods_FlixTests.framework; sourceTree = BUILT_PRODUCTS_DIR; };
		B9DF2DB5F5EF6B219D5B92C6 /* Pods-FlixTests.release.xcconfig */ = {isa = PBXFileReference; includeInIndex = 1; lastKnownFileType = text.xcconfig; name = "Pods-FlixTests.release.xcconfig"; path = "Target Support Files/Pods-FlixTests/Pods-FlixTests.release.xcconfig"; sourceTree = "<group>"; };
		BC9BF5F43B639BDE2315187B /* Pods-Flix.release.xcconfig */ = {isa = PBXFileReference; includeInIndex = 1; lastKnownFileType = text.xcconfig; name = "Pods-Flix.release.xcconfig"; path = "Target Support Files/Pods-Flix/Pods-Flix.release.xcconfig"; sourceTree = "<group>"; };
		F94D52B0E6B1ABB8B80629A6 /* Pods-Flix-FlixUITests.release.xcconfig */ = {isa = PBXFileReference; includeInIndex = 1; lastKnownFileType = text.xcconfig; name = "Pods-Flix-FlixUITests.release.xcconfig"; path = "Target Support Files/Pods-Flix-FlixUITests/Pods-Flix-FlixUITests.release.xcconfig"; sourceTree = "<group>"; };
		FA96A5303A02C0E5B7865179 /* Pods-FlixTests.debug.xcconfig */ = {isa = PBXFileReference; includeInIndex = 1; lastKnownFileType = text.xcconfig; name = "Pods-FlixTests.debug.xcconfig"; path = "Target Support Files/Pods-FlixTests/Pods-FlixTests.debug.xcconfig"; sourceTree = "<group>"; };
		FF9157C8CC3196DC43CD35DD /* Pods-Flix.debug.xcconfig */ = {isa = PBXFileReference; includeInIndex = 1; lastKnownFileType = text.xcconfig; name = "Pods-Flix.debug.xcconfig"; path = "Target Support Files/Pods-Flix/Pods-Flix.debug.xcconfig"; sourceTree = "<group>"; };
/* End PBXFileReference section */

/* Begin PBXFrameworksBuildPhase section */
		58FA2C4C24A3BF1D00BAE832 /* Frameworks */ = {
			isa = PBXFrameworksBuildPhase;
			buildActionMask = 2147483647;
			files = (
				58591AEE24A6A1EB003583AB /* WebKit.framework in Frameworks */,
				C1EB377E24D2884A05ED669E /* Pods_Flix.framework in Frameworks */,
			);
			runOnlyForDeploymentPostprocessing = 0;
		};
		58FA2C6724A3BF1E00BAE832 /* Frameworks */ = {
			isa = PBXFrameworksBuildPhase;
			buildActionMask = 2147483647;
			files = (
				612BD4461DC8D950553C654A /* Pods_FlixTests.framework in Frameworks */,
			);
			runOnlyForDeploymentPostprocessing = 0;
		};
		58FA2C7224A3BF1E00BAE832 /* Frameworks */ = {
			isa = PBXFrameworksBuildPhase;
			buildActionMask = 2147483647;
			files = (
				AE5509490B7FC6DFFC221109 /* Pods_Flix_FlixUITests.framework in Frameworks */,
			);
			runOnlyForDeploymentPostprocessing = 0;
		};
/* End PBXFrameworksBuildPhase section */

/* Begin PBXGroup section */
		58FA2C4624A3BF1D00BAE832 = {
			isa = PBXGroup;
			children = (
				58FA2C5124A3BF1D00BAE832 /* Flix */,
				58FA2C6D24A3BF1E00BAE832 /* FlixTests */,
				58FA2C7824A3BF1E00BAE832 /* FlixUITests */,
				58FA2C5024A3BF1D00BAE832 /* Products */,
				8CC69A74A17E1D9695000633 /* Pods */,
				D982925D8E7F8A4E8F64CF8D /* Frameworks */,
			);
			sourceTree = "<group>";
		};
		58FA2C5024A3BF1D00BAE832 /* Products */ = {
			isa = PBXGroup;
			children = (
				58FA2C4F24A3BF1D00BAE832 /* Flix.app */,
				58FA2C6A24A3BF1E00BAE832 /* FlixTests.xctest */,
				58FA2C7524A3BF1E00BAE832 /* FlixUITests.xctest */,
			);
			name = Products;
			sourceTree = "<group>";
		};
		58FA2C5124A3BF1D00BAE832 /* Flix */ = {
			isa = PBXGroup;
			children = (
				58FA2C8C24A3C7D400BAE832 /* Models */,
				58FA2C8B24A3C7CD00BAE832 /* Views */,
				58FA2C8A24A3C7B600BAE832 /* View Controllers */,
				58FA2C5224A3BF1D00BAE832 /* AppDelegate.h */,
				58FA2C5324A3BF1D00BAE832 /* AppDelegate.m */,
				58FA2C5524A3BF1D00BAE832 /* SceneDelegate.h */,
				58FA2C5624A3BF1D00BAE832 /* SceneDelegate.m */,
				58FA2C5B24A3BF1D00BAE832 /* Main.storyboard */,
				58FA2C5E24A3BF1E00BAE832 /* Assets.xcassets */,
				58FA2C6024A3BF1E00BAE832 /* LaunchScreen.storyboard */,
				58FA2C6324A3BF1E00BAE832 /* Info.plist */,
				58FA2C6424A3BF1E00BAE832 /* main.m */,
			);
			path = Flix;
			sourceTree = "<group>";
		};
		58FA2C6D24A3BF1E00BAE832 /* FlixTests */ = {
			isa = PBXGroup;
			children = (
				58FA2C6E24A3BF1E00BAE832 /* FlixTests.m */,
				58FA2C7024A3BF1E00BAE832 /* Info.plist */,
			);
			path = FlixTests;
			sourceTree = "<group>";
		};
		58FA2C7824A3BF1E00BAE832 /* FlixUITests */ = {
			isa = PBXGroup;
			children = (
				58FA2C7924A3BF1E00BAE832 /* FlixUITests.m */,
				58FA2C7B24A3BF1E00BAE832 /* Info.plist */,
			);
			path = FlixUITests;
			sourceTree = "<group>";
		};
		58FA2C8A24A3C7B600BAE832 /* View Controllers */ = {
			isa = PBXGroup;
			children = (
				58FA2C8724A3C74500BAE832 /* MoviesViewController.h */,
				58FA2C8824A3C74500BAE832 /* MoviesViewController.m */,
				58FED4F024A4136F00CED402 /* DetailsViewController.h */,
				58FED4F124A4136F00CED402 /* DetailsViewController.m */,
				58FED53D24A54DF500CED402 /* MoviesGridViewController.h */,
				58FED53E24A54DF500CED402 /* MoviesGridViewController.m */,
				58591AEA24A69662003583AB /* TrailerViewController.h */,
				58591AEB24A69662003583AB /* TrailerViewController.m */,
			);
			path = "View Controllers";
			sourceTree = "<group>";
		};
		58FA2C8B24A3C7CD00BAE832 /* Views */ = {
			isa = PBXGroup;
			children = (
				582D8B7124A3F62400D4910B /* MovieCell.h */,
				582D8B7224A3F62400D4910B /* MovieCell.m */,
				58FED54024A54FC800CED402 /* MovieCollectionCell.h */,
				58FED54124A54FC800CED402 /* MovieCollectionCell.m */,
			);
			path = Views;
			sourceTree = "<group>";
		};
		58FA2C8C24A3C7D400BAE832 /* Models */ = {
			isa = PBXGroup;
			children = (
			);
			path = Models;
			sourceTree = "<group>";
		};
		8CC69A74A17E1D9695000633 /* Pods */ = {
			isa = PBXGroup;
			children = (
				FF9157C8CC3196DC43CD35DD /* Pods-Flix.debug.xcconfig */,
				BC9BF5F43B639BDE2315187B /* Pods-Flix.release.xcconfig */,
				2DB850F53A8FD07E7B915453 /* Pods-Flix-FlixUITests.debug.xcconfig */,
				F94D52B0E6B1ABB8B80629A6 /* Pods-Flix-FlixUITests.release.xcconfig */,
				FA96A5303A02C0E5B7865179 /* Pods-FlixTests.debug.xcconfig */,
				B9DF2DB5F5EF6B219D5B92C6 /* Pods-FlixTests.release.xcconfig */,
			);
			path = Pods;
			sourceTree = "<group>";
		};
		D982925D8E7F8A4E8F64CF8D /* Frameworks */ = {
			isa = PBXGroup;
			children = (
				58591AED24A6A1EB003583AB /* WebKit.framework */,
				31C5FB9DAE915E7F3CF7C4D2 /* Pods_Flix.framework */,
				2AE764C2ADB70FED9B95BA12 /* Pods_Flix_FlixUITests.framework */,
				635736ABCA52550B67346355 /* Pods_FlixTests.framework */,
			);
			name = Frameworks;
			sourceTree = "<group>";
		};
/* End PBXGroup section */

/* Begin PBXNativeTarget section */
		58FA2C4E24A3BF1D00BAE832 /* Flix */ = {
			isa = PBXNativeTarget;
			buildConfigurationList = 58FA2C7E24A3BF1E00BAE832 /* Build configuration list for PBXNativeTarget "Flix" */;
			buildPhases = (
				ECCC85849DC60F7183026D3C /* [CP] Check Pods Manifest.lock */,
				58FA2C4B24A3BF1D00BAE832 /* Sources */,
				58FA2C4C24A3BF1D00BAE832 /* Frameworks */,
				58FA2C4D24A3BF1D00BAE832 /* Resources */,
				732478C60B4F0A9313E205EF /* [CP] Embed Pods Frameworks */,
			);
			buildRules = (
			);
			dependencies = (
			);
			name = Flix;
			productName = Flix;
			productReference = 58FA2C4F24A3BF1D00BAE832 /* Flix.app */;
			productType = "com.apple.product-type.application";
		};
		58FA2C6924A3BF1E00BAE832 /* FlixTests */ = {
			isa = PBXNativeTarget;
			buildConfigurationList = 58FA2C8124A3BF1E00BAE832 /* Build configuration list for PBXNativeTarget "FlixTests" */;
			buildPhases = (
				020CC483EAE276F537BFACEA /* [CP] Check Pods Manifest.lock */,
				58FA2C6624A3BF1E00BAE832 /* Sources */,
				58FA2C6724A3BF1E00BAE832 /* Frameworks */,
				58FA2C6824A3BF1E00BAE832 /* Resources */,
			);
			buildRules = (
			);
			dependencies = (
				58FA2C6C24A3BF1E00BAE832 /* PBXTargetDependency */,
			);
			name = FlixTests;
			productName = FlixTests;
			productReference = 58FA2C6A24A3BF1E00BAE832 /* FlixTests.xctest */;
			productType = "com.apple.product-type.bundle.unit-test";
		};
		58FA2C7424A3BF1E00BAE832 /* FlixUITests */ = {
			isa = PBXNativeTarget;
			buildConfigurationList = 58FA2C8424A3BF1E00BAE832 /* Build configuration list for PBXNativeTarget "FlixUITests" */;
			buildPhases = (
				2DB253CD9A979D8F83742B2A /* [CP] Check Pods Manifest.lock */,
				58FA2C7124A3BF1E00BAE832 /* Sources */,
				58FA2C7224A3BF1E00BAE832 /* Frameworks */,
				58FA2C7324A3BF1E00BAE832 /* Resources */,
				9FD0349BD6200A8D4AACFA3E /* [CP] Embed Pods Frameworks */,
			);
			buildRules = (
			);
			dependencies = (
				58FA2C7724A3BF1E00BAE832 /* PBXTargetDependency */,
			);
			name = FlixUITests;
			productName = FlixUITests;
			productReference = 58FA2C7524A3BF1E00BAE832 /* FlixUITests.xctest */;
			productType = "com.apple.product-type.bundle.ui-testing";
		};
/* End PBXNativeTarget section */

/* Begin PBXProject section */
		58FA2C4724A3BF1D00BAE832 /* Project object */ = {
			isa = PBXProject;
			attributes = {
				LastUpgradeCheck = 1150;
				ORGANIZATIONNAME = "Ria Vora";
				TargetAttributes = {
					58FA2C4E24A3BF1D00BAE832 = {
						CreatedOnToolsVersion = 11.5;
					};
					58FA2C6924A3BF1E00BAE832 = {
						CreatedOnToolsVersion = 11.5;
						TestTargetID = 58FA2C4E24A3BF1D00BAE832;
					};
					58FA2C7424A3BF1E00BAE832 = {
						CreatedOnToolsVersion = 11.5;
						TestTargetID = 58FA2C4E24A3BF1D00BAE832;
					};
				};
			};
			buildConfigurationList = 58FA2C4A24A3BF1D00BAE832 /* Build configuration list for PBXProject "Flix" */;
			compatibilityVersion = "Xcode 9.3";
			developmentRegion = en;
			hasScannedForEncodings = 0;
			knownRegions = (
				en,
				Base,
			);
			mainGroup = 58FA2C4624A3BF1D00BAE832;
			productRefGroup = 58FA2C5024A3BF1D00BAE832 /* Products */;
			projectDirPath = "";
			projectRoot = "";
			targets = (
				58FA2C4E24A3BF1D00BAE832 /* Flix */,
				58FA2C6924A3BF1E00BAE832 /* FlixTests */,
				58FA2C7424A3BF1E00BAE832 /* FlixUITests */,
			);
		};
/* End PBXProject section */

/* Begin PBXResourcesBuildPhase section */
		58FA2C4D24A3BF1D00BAE832 /* Resources */ = {
			isa = PBXResourcesBuildPhase;
			buildActionMask = 2147483647;
			files = (
				58FA2C6224A3BF1E00BAE832 /* LaunchScreen.storyboard in Resources */,
				58FA2C5F24A3BF1E00BAE832 /* Assets.xcassets in Resources */,
				58FA2C5D24A3BF1D00BAE832 /* Main.storyboard in Resources */,
			);
			runOnlyForDeploymentPostprocessing = 0;
		};
		58FA2C6824A3BF1E00BAE832 /* Resources */ = {
			isa = PBXResourcesBuildPhase;
			buildActionMask = 2147483647;
			files = (
			);
			runOnlyForDeploymentPostprocessing = 0;
		};
		58FA2C7324A3BF1E00BAE832 /* Resources */ = {
			isa = PBXResourcesBuildPhase;
			buildActionMask = 2147483647;
			files = (
			);
			runOnlyForDeploymentPostprocessing = 0;
		};
/* End PBXResourcesBuildPhase section */

/* Begin PBXShellScriptBuildPhase section */
		020CC483EAE276F537BFACEA /* [CP] Check Pods Manifest.lock */ = {
			isa = PBXShellScriptBuildPhase;
			buildActionMask = 2147483647;
			files = (
			);
			inputFileListPaths = (
			);
			inputPaths = (
				"${PODS_PODFILE_DIR_PATH}/Podfile.lock",
				"${PODS_ROOT}/Manifest.lock",
			);
			name = "[CP] Check Pods Manifest.lock";
			outputFileListPaths = (
			);
			outputPaths = (
				"$(DERIVED_FILE_DIR)/Pods-FlixTests-checkManifestLockResult.txt",
			);
			runOnlyForDeploymentPostprocessing = 0;
			shellPath = /bin/sh;
			shellScript = "diff \"${PODS_PODFILE_DIR_PATH}/Podfile.lock\" \"${PODS_ROOT}/Manifest.lock\" > /dev/null\nif [ $? != 0 ] ; then\n    # print error to STDERR\n    echo \"error: The sandbox is not in sync with the Podfile.lock. Run 'pod install' or update your CocoaPods installation.\" >&2\n    exit 1\nfi\n# This output is used by Xcode 'outputs' to avoid re-running this script phase.\necho \"SUCCESS\" > \"${SCRIPT_OUTPUT_FILE_0}\"\n";
			showEnvVarsInLog = 0;
		};
		2DB253CD9A979D8F83742B2A /* [CP] Check Pods Manifest.lock */ = {
			isa = PBXShellScriptBuildPhase;
			buildActionMask = 2147483647;
			files = (
			);
			inputFileListPaths = (
			);
			inputPaths = (
				"${PODS_PODFILE_DIR_PATH}/Podfile.lock",
				"${PODS_ROOT}/Manifest.lock",
			);
			name = "[CP] Check Pods Manifest.lock";
			outputFileListPaths = (
			);
			outputPaths = (
				"$(DERIVED_FILE_DIR)/Pods-Flix-FlixUITests-checkManifestLockResult.txt",
			);
			runOnlyForDeploymentPostprocessing = 0;
			shellPath = /bin/sh;
			shellScript = "diff \"${PODS_PODFILE_DIR_PATH}/Podfile.lock\" \"${PODS_ROOT}/Manifest.lock\" > /dev/null\nif [ $? != 0 ] ; then\n    # print error to STDERR\n    echo \"error: The sandbox is not in sync with the Podfile.lock. Run 'pod install' or update your CocoaPods installation.\" >&2\n    exit 1\nfi\n# This output is used by Xcode 'outputs' to avoid re-running this script phase.\necho \"SUCCESS\" > \"${SCRIPT_OUTPUT_FILE_0}\"\n";
			showEnvVarsInLog = 0;
		};
		732478C60B4F0A9313E205EF /* [CP] Embed Pods Frameworks */ = {
			isa = PBXShellScriptBuildPhase;
			buildActionMask = 2147483647;
			files = (
			);
			inputFileListPaths = (
				"${PODS_ROOT}/Target Support Files/Pods-Flix/Pods-Flix-frameworks-${CONFIGURATION}-input-files.xcfilelist",
			);
			name = "[CP] Embed Pods Frameworks";
			outputFileListPaths = (
				"${PODS_ROOT}/Target Support Files/Pods-Flix/Pods-Flix-frameworks-${CONFIGURATION}-output-files.xcfilelist",
			);
			runOnlyForDeploymentPostprocessing = 0;
			shellPath = /bin/sh;
			shellScript = "\"${PODS_ROOT}/Target Support Files/Pods-Flix/Pods-Flix-frameworks.sh\"\n";
			showEnvVarsInLog = 0;
		};
		9FD0349BD6200A8D4AACFA3E /* [CP] Embed Pods Frameworks */ = {
			isa = PBXShellScriptBuildPhase;
			buildActionMask = 2147483647;
			files = (
			);
			inputFileListPaths = (
				"${PODS_ROOT}/Target Support Files/Pods-Flix-FlixUITests/Pods-Flix-FlixUITests-frameworks-${CONFIGURATION}-input-files.xcfilelist",
			);
			name = "[CP] Embed Pods Frameworks";
			outputFileListPaths = (
				"${PODS_ROOT}/Target Support Files/Pods-Flix-FlixUITests/Pods-Flix-FlixUITests-frameworks-${CONFIGURATION}-output-files.xcfilelist",
			);
			runOnlyForDeploymentPostprocessing = 0;
			shellPath = /bin/sh;
			shellScript = "\"${PODS_ROOT}/Target Support Files/Pods-Flix-FlixUITests/Pods-Flix-FlixUITests-frameworks.sh\"\n";
			showEnvVarsInLog = 0;
		};
		ECCC85849DC60F7183026D3C /* [CP] Check Pods Manifest.lock */ = {
			isa = PBXShellScriptBuildPhase;
			buildActionMask = 2147483647;
			files = (
			);
			inputFileListPaths = (
			);
			inputPaths = (
				"${PODS_PODFILE_DIR_PATH}/Podfile.lock",
				"${PODS_ROOT}/Manifest.lock",
			);
			name = "[CP] Check Pods Manifest.lock";
			outputFileListPaths = (
			);
			outputPaths = (
				"$(DERIVED_FILE_DIR)/Pods-Flix-checkManifestLockResult.txt",
			);
			runOnlyForDeploymentPostprocessing = 0;
			shellPath = /bin/sh;
			shellScript = "diff \"${PODS_PODFILE_DIR_PATH}/Podfile.lock\" \"${PODS_ROOT}/Manifest.lock\" > /dev/null\nif [ $? != 0 ] ; then\n    # print error to STDERR\n    echo \"error: The sandbox is not in sync with the Podfile.lock. Run 'pod install' or update your CocoaPods installation.\" >&2\n    exit 1\nfi\n# This output is used by Xcode 'outputs' to avoid re-running this script phase.\necho \"SUCCESS\" > \"${SCRIPT_OUTPUT_FILE_0}\"\n";
			showEnvVarsInLog = 0;
		};
/* End PBXShellScriptBuildPhase section */

/* Begin PBXSourcesBuildPhase section */
		58FA2C4B24A3BF1D00BAE832 /* Sources */ = {
			isa = PBXSourcesBuildPhase;
			buildActionMask = 2147483647;
			files = (
				58FA2C5424A3BF1D00BAE832 /* AppDelegate.m in Sources */,
				582D8B7324A3F62400D4910B /* MovieCell.m in Sources */,
				58FA2C8924A3C74500BAE832 /* MoviesViewController.m in Sources */,
				58FED4F224A4136F00CED402 /* DetailsViewController.m in Sources */,
				58FED54224A54FC800CED402 /* MovieCollectionCell.m in Sources */,
				58FA2C6524A3BF1E00BAE832 /* main.m in Sources */,
				58FA2C5724A3BF1D00BAE832 /* SceneDelegate.m in Sources */,
				58591AEC24A69662003583AB /* TrailerViewController.m in Sources */,
				58FED53F24A54DF500CED402 /* MoviesGridViewController.m in Sources */,
			);
			runOnlyForDeploymentPostprocessing = 0;
		};
		58FA2C6624A3BF1E00BAE832 /* Sources */ = {
			isa = PBXSourcesBuildPhase;
			buildActionMask = 2147483647;
			files = (
				58FA2C6F24A3BF1E00BAE832 /* FlixTests.m in Sources */,
			);
			runOnlyForDeploymentPostprocessing = 0;
		};
		58FA2C7124A3BF1E00BAE832 /* Sources */ = {
			isa = PBXSourcesBuildPhase;
			buildActionMask = 2147483647;
			files = (
				58FA2C7A24A3BF1E00BAE832 /* FlixUITests.m in Sources */,
			);
			runOnlyForDeploymentPostprocessing = 0;
		};
/* End PBXSourcesBuildPhase section */

/* Begin PBXTargetDependency section */
		58FA2C6C24A3BF1E00BAE832 /* PBXTargetDependency */ = {
			isa = PBXTargetDependency;
			target = 58FA2C4E24A3BF1D00BAE832 /* Flix */;
			targetProxy = 58FA2C6B24A3BF1E00BAE832 /* PBXContainerItemProxy */;
		};
		58FA2C7724A3BF1E00BAE832 /* PBXTargetDependency */ = {
			isa = PBXTargetDependency;
			target = 58FA2C4E24A3BF1D00BAE832 /* Flix */;
			targetProxy = 58FA2C7624A3BF1E00BAE832 /* PBXContainerItemProxy */;
		};
/* End PBXTargetDependency section */

/* Begin PBXVariantGroup section */
		58FA2C5B24A3BF1D00BAE832 /* Main.storyboard */ = {
			isa = PBXVariantGroup;
			children = (
				58FA2C5C24A3BF1D00BAE832 /* Base */,
			);
			name = Main.storyboard;
			sourceTree = "<group>";
		};
		58FA2C6024A3BF1E00BAE832 /* LaunchScreen.storyboard */ = {
			isa = PBXVariantGroup;
			children = (
				58FA2C6124A3BF1E00BAE832 /* Base */,
			);
			name = LaunchScreen.storyboard;
			sourceTree = "<group>";
		};
/* End PBXVariantGroup section */

/* Begin XCBuildConfiguration section */
		58FA2C7C24A3BF1E00BAE832 /* Debug */ = {
			isa = XCBuildConfiguration;
			buildSettings = {
				ALWAYS_SEARCH_USER_PATHS = NO;
				CLANG_ANALYZER_NONNULL = YES;
				CLANG_ANALYZER_NUMBER_OBJECT_CONVERSION = YES_AGGRESSIVE;
				CLANG_CXX_LANGUAGE_STANDARD = "gnu++14";
				CLANG_CXX_LIBRARY = "libc++";
				CLANG_ENABLE_MODULES = YES;
				CLANG_ENABLE_OBJC_ARC = YES;
				CLANG_ENABLE_OBJC_WEAK = YES;
				CLANG_WARN_BLOCK_CAPTURE_AUTORELEASING = YES;
				CLANG_WARN_BOOL_CONVERSION = YES;
				CLANG_WARN_COMMA = YES;
				CLANG_WARN_CONSTANT_CONVERSION = YES;
				CLANG_WARN_DEPRECATED_OBJC_IMPLEMENTATIONS = YES;
				CLANG_WARN_DIRECT_OBJC_ISA_USAGE = YES_ERROR;
				CLANG_WARN_DOCUMENTATION_COMMENTS = YES;
				CLANG_WARN_EMPTY_BODY = YES;
				CLANG_WARN_ENUM_CONVERSION = YES;
				CLANG_WARN_INFINITE_RECURSION = YES;
				CLANG_WARN_INT_CONVERSION = YES;
				CLANG_WARN_NON_LITERAL_NULL_CONVERSION = YES;
				CLANG_WARN_OBJC_IMPLICIT_RETAIN_SELF = YES;
				CLANG_WARN_OBJC_LITERAL_CONVERSION = YES;
				CLANG_WARN_OBJC_ROOT_CLASS = YES_ERROR;
				CLANG_WARN_RANGE_LOOP_ANALYSIS = YES;
				CLANG_WARN_STRICT_PROTOTYPES = YES;
				CLANG_WARN_SUSPICIOUS_MOVE = YES;
				CLANG_WARN_UNGUARDED_AVAILABILITY = YES_AGGRESSIVE;
				CLANG_WARN_UNREACHABLE_CODE = YES;
				CLANG_WARN__DUPLICATE_METHOD_MATCH = YES;
				COPY_PHASE_STRIP = NO;
				DEBUG_INFORMATION_FORMAT = dwarf;
				ENABLE_STRICT_OBJC_MSGSEND = YES;
				ENABLE_TESTABILITY = YES;
				GCC_C_LANGUAGE_STANDARD = gnu11;
				GCC_DYNAMIC_NO_PIC = NO;
				GCC_NO_COMMON_BLOCKS = YES;
				GCC_OPTIMIZATION_LEVEL = 0;
				GCC_PREPROCESSOR_DEFINITIONS = (
					"DEBUG=1",
					"$(inherited)",
				);
				GCC_WARN_64_TO_32_BIT_CONVERSION = YES;
				GCC_WARN_ABOUT_RETURN_TYPE = YES_ERROR;
				GCC_WARN_UNDECLARED_SELECTOR = YES;
				GCC_WARN_UNINITIALIZED_AUTOS = YES_AGGRESSIVE;
				GCC_WARN_UNUSED_FUNCTION = YES;
				GCC_WARN_UNUSED_VARIABLE = YES;
				IPHONEOS_DEPLOYMENT_TARGET = 13.5;
				MTL_ENABLE_DEBUG_INFO = INCLUDE_SOURCE;
				MTL_FAST_MATH = YES;
				ONLY_ACTIVE_ARCH = YES;
				SDKROOT = iphoneos;
			};
			name = Debug;
		};
		58FA2C7D24A3BF1E00BAE832 /* Release */ = {
			isa = XCBuildConfiguration;
			buildSettings = {
				ALWAYS_SEARCH_USER_PATHS = NO;
				CLANG_ANALYZER_NONNULL = YES;
				CLANG_ANALYZER_NUMBER_OBJECT_CONVERSION = YES_AGGRESSIVE;
				CLANG_CXX_LANGUAGE_STANDARD = "gnu++14";
				CLANG_CXX_LIBRARY = "libc++";
				CLANG_ENABLE_MODULES = YES;
				CLANG_ENABLE_OBJC_ARC = YES;
				CLANG_ENABLE_OBJC_WEAK = YES;
				CLANG_WARN_BLOCK_CAPTURE_AUTORELEASING = YES;
				CLANG_WARN_BOOL_CONVERSION = YES;
				CLANG_WARN_COMMA = YES;
				CLANG_WARN_CONSTANT_CONVERSION = YES;
				CLANG_WARN_DEPRECATED_OBJC_IMPLEMENTATIONS = YES;
				CLANG_WARN_DIRECT_OBJC_ISA_USAGE = YES_ERROR;
				CLANG_WARN_DOCUMENTATION_COMMENTS = YES;
				CLANG_WARN_EMPTY_BODY = YES;
				CLANG_WARN_ENUM_CONVERSION = YES;
				CLANG_WARN_INFINITE_RECURSION = YES;
				CLANG_WARN_INT_CONVERSION = YES;
				CLANG_WARN_NON_LITERAL_NULL_CONVERSION = YES;
				CLANG_WARN_OBJC_IMPLICIT_RETAIN_SELF = YES;
				CLANG_WARN_OBJC_LITERAL_CONVERSION = YES;
				CLANG_WARN_OBJC_ROOT_CLASS = YES_ERROR;
				CLANG_WARN_RANGE_LOOP_ANALYSIS = YES;
				CLANG_WARN_STRICT_PROTOTYPES = YES;
				CLANG_WARN_SUSPICIOUS_MOVE = YES;
				CLANG_WARN_UNGUARDED_AVAILABILITY = YES_AGGRESSIVE;
				CLANG_WARN_UNREACHABLE_CODE = YES;
				CLANG_WARN__DUPLICATE_METHOD_MATCH = YES;
				COPY_PHASE_STRIP = NO;
				DEBUG_INFORMATION_FORMAT = "dwarf-with-dsym";
				ENABLE_NS_ASSERTIONS = NO;
				ENABLE_STRICT_OBJC_MSGSEND = YES;
				GCC_C_LANGUAGE_STANDARD = gnu11;
				GCC_NO_COMMON_BLOCKS = YES;
				GCC_WARN_64_TO_32_BIT_CONVERSION = YES;
				GCC_WARN_ABOUT_RETURN_TYPE = YES_ERROR;
				GCC_WARN_UNDECLARED_SELECTOR = YES;
				GCC_WARN_UNINITIALIZED_AUTOS = YES_AGGRESSIVE;
				GCC_WARN_UNUSED_FUNCTION = YES;
				GCC_WARN_UNUSED_VARIABLE = YES;
				IPHONEOS_DEPLOYMENT_TARGET = 13.5;
				MTL_ENABLE_DEBUG_INFO = NO;
				MTL_FAST_MATH = YES;
				SDKROOT = iphoneos;
				VALIDATE_PRODUCT = YES;
			};
			name = Release;
		};
		58FA2C7F24A3BF1E00BAE832 /* Debug */ = {
			isa = XCBuildConfiguration;
			baseConfigurationReference = FF9157C8CC3196DC43CD35DD /* Pods-Flix.debug.xcconfig */;
			buildSettings = {
				ASSETCATALOG_COMPILER_APPICON_NAME = AppIcon;
				CODE_SIGN_STYLE = Automatic;
				DEVELOPMENT_TEAM = 27X8JHB629;
				INFOPLIST_FILE = Flix/Info.plist;
				LD_RUNPATH_SEARCH_PATHS = (
					"$(inherited)",
					"@executable_path/Frameworks",
				);
				PRODUCT_BUNDLE_IDENTIFIER = com.riavora.Flix;
				PRODUCT_NAME = "$(TARGET_NAME)";
				TARGETED_DEVICE_FAMILY = "1,2";
			};
			name = Debug;
		};
		58FA2C8024A3BF1E00BAE832 /* Release */ = {
			isa = XCBuildConfiguration;
			baseConfigurationReference = BC9BF5F43B639BDE2315187B /* Pods-Flix.release.xcconfig */;
			buildSettings = {
				ASSETCATALOG_COMPILER_APPICON_NAME = AppIcon;
				CODE_SIGN_STYLE = Automatic;
				DEVELOPMENT_TEAM = 27X8JHB629;
				INFOPLIST_FILE = Flix/Info.plist;
				LD_RUNPATH_SEARCH_PATHS = (
					"$(inherited)",
					"@executable_path/Frameworks",
				);
				PRODUCT_BUNDLE_IDENTIFIER = com.riavora.Flix;
				PRODUCT_NAME = "$(TARGET_NAME)";
				TARGETED_DEVICE_FAMILY = "1,2";
			};
			name = Release;
		};
		58FA2C8224A3BF1E00BAE832 /* Debug */ = {
			isa = XCBuildConfiguration;
			baseConfigurationReference = FA96A5303A02C0E5B7865179 /* Pods-FlixTests.debug.xcconfig */;
			buildSettings = {
				BUNDLE_LOADER = "$(TEST_HOST)";
				CODE_SIGN_STYLE = Automatic;
				DEVELOPMENT_TEAM = 27X8JHB629;
				INFOPLIST_FILE = FlixTests/Info.plist;
				IPHONEOS_DEPLOYMENT_TARGET = 13.5;
				LD_RUNPATH_SEARCH_PATHS = (
					"$(inherited)",
					"@executable_path/Frameworks",
					"@loader_path/Frameworks",
				);
				PRODUCT_BUNDLE_IDENTIFIER = com.riavora.FlixTests;
				PRODUCT_NAME = "$(TARGET_NAME)";
				TARGETED_DEVICE_FAMILY = "1,2";
				TEST_HOST = "$(BUILT_PRODUCTS_DIR)/Flix.app/Flix";
			};
			name = Debug;
		};
		58FA2C8324A3BF1E00BAE832 /* Release */ = {
			isa = XCBuildConfiguration;
			baseConfigurationReference = B9DF2DB5F5EF6B219D5B92C6 /* Pods-FlixTests.release.xcconfig */;
			buildSettings = {
				BUNDLE_LOADER = "$(TEST_HOST)";
				CODE_SIGN_STYLE = Automatic;
				DEVELOPMENT_TEAM = 27X8JHB629;
				INFOPLIST_FILE = FlixTests/Info.plist;
				IPHONEOS_DEPLOYMENT_TARGET = 13.5;
				LD_RUNPATH_SEARCH_PATHS = (
					"$(inherited)",
					"@executable_path/Frameworks",
					"@loader_path/Frameworks",
				);
				PRODUCT_BUNDLE_IDENTIFIER = com.riavora.FlixTests;
				PRODUCT_NAME = "$(TARGET_NAME)";
				TARGETED_DEVICE_FAMILY = "1,2";
				TEST_HOST = "$(BUILT_PRODUCTS_DIR)/Flix.app/Flix";
			};
			name = Release;
		};
		58FA2C8524A3BF1E00BAE832 /* Debug */ = {
			isa = XCBuildConfiguration;
			baseConfigurationReference = 2DB850F53A8FD07E7B915453 /* Pods-Flix-FlixUITests.debug.xcconfig */;
			buildSettings = {
				CODE_SIGN_STYLE = Automatic;
				DEVELOPMENT_TEAM = 27X8JHB629;
				INFOPLIST_FILE = FlixUITests/Info.plist;
				LD_RUNPATH_SEARCH_PATHS = (
					"$(inherited)",
					"@executable_path/Frameworks",
					"@loader_path/Frameworks",
				);
				PRODUCT_BUNDLE_IDENTIFIER = com.riavora.FlixUITests;
				PRODUCT_NAME = "$(TARGET_NAME)";
				TARGETED_DEVICE_FAMILY = "1,2";
				TEST_TARGET_NAME = Flix;
			};
			name = Debug;
		};
		58FA2C8624A3BF1E00BAE832 /* Release */ = {
			isa = XCBuildConfiguration;
			baseConfigurationReference = F94D52B0E6B1ABB8B80629A6 /* Pods-Flix-FlixUITests.release.xcconfig */;
			buildSettings = {
				CODE_SIGN_STYLE = Automatic;
				DEVELOPMENT_TEAM = 27X8JHB629;
				INFOPLIST_FILE = FlixUITests/Info.plist;
				LD_RUNPATH_SEARCH_PATHS = (
					"$(inherited)",
					"@executable_path/Frameworks",
					"@loader_path/Frameworks",
				);
				PRODUCT_BUNDLE_IDENTIFIER = com.riavora.FlixUITests;
				PRODUCT_NAME = "$(TARGET_NAME)";
				TARGETED_DEVICE_FAMILY = "1,2";
				TEST_TARGET_NAME = Flix;
			};
			name = Release;
		};
/* End XCBuildConfiguration section */

/* Begin XCConfigurationList section */
		58FA2C4A24A3BF1D00BAE832 /* Build configuration list for PBXProject "Flix" */ = {
			isa = XCConfigurationList;
			buildConfigurations = (
				58FA2C7C24A3BF1E00BAE832 /* Debug */,
				58FA2C7D24A3BF1E00BAE832 /* Release */,
			);
			defaultConfigurationIsVisible = 0;
			defaultConfigurationName = Release;
		};
		58FA2C7E24A3BF1E00BAE832 /* Build configuration list for PBXNativeTarget "Flix" */ = {
			isa = XCConfigurationList;
			buildConfigurations = (
				58FA2C7F24A3BF1E00BAE832 /* Debug */,
				58FA2C8024A3BF1E00BAE832 /* Release */,
			);
			defaultConfigurationIsVisible = 0;
			defaultConfigurationName = Release;
		};
		58FA2C8124A3BF1E00BAE832 /* Build configuration list for PBXNativeTarget "FlixTests" */ = {
			isa = XCConfigurationList;
			buildConfigurations = (
				58FA2C8224A3BF1E00BAE832 /* Debug */,
				58FA2C8324A3BF1E00BAE832 /* Release */,
			);
			defaultConfigurationIsVisible = 0;
			defaultConfigurationName = Release;
		};
		58FA2C8424A3BF1E00BAE832 /* Build configuration list for PBXNativeTarget "FlixUITests" */ = {
			isa = XCConfigurationList;
			buildConfigurations = (
				58FA2C8524A3BF1E00BAE832 /* Debug */,
				58FA2C8624A3BF1E00BAE832 /* Release */,
			);
			defaultConfigurationIsVisible = 0;
			defaultConfigurationName = Release;
		};
/* End XCConfigurationList section */
	};
	rootObject = 58FA2C4724A3BF1D00BAE832 /* Project object */;
}
